// !$*UTF8*$!
{
	archiveVersion = 1;
	classes = {
	};
	objectVersion = 46;
	objects = {

/* Begin PBXBuildFile section */
		33185B321E3CCFAB0069AC42 /* AppDelegate.swift in Sources */ = {isa = PBXBuildFile; fileRef = 33185B311E3CCFAB0069AC42 /* AppDelegate.swift */; };
		33185B341E3CCFAB0069AC42 /* ViewController.swift in Sources */ = {isa = PBXBuildFile; fileRef = 33185B331E3CCFAB0069AC42 /* ViewController.swift */; };
		33185B371E3CCFAB0069AC42 /* Main.storyboard in Resources */ = {isa = PBXBuildFile; fileRef = 33185B351E3CCFAB0069AC42 /* Main.storyboard */; };
		33185B391E3CCFAB0069AC42 /* Assets.xcassets in Resources */ = {isa = PBXBuildFile; fileRef = 33185B381E3CCFAB0069AC42 /* Assets.xcassets */; };
		33185B3C1E3CCFAB0069AC42 /* LaunchScreen.storyboard in Resources */ = {isa = PBXBuildFile; fileRef = 33185B3A1E3CCFAB0069AC42 /* LaunchScreen.storyboard */; };
/* End PBXBuildFile section */

/* Begin PBXFileReference section */
		33185B2E1E3CCFAB0069AC42 /* Menu Bar.app */ = {isa = PBXFileReference; explicitFileType = wrapper.application; includeInIndex = 0; path = "Menu Bar.app"; sourceTree = BUILT_PRODUCTS_DIR; };
		33185B311E3CCFAB0069AC42 /* AppDelegate.swift */ = {isa = PBXFileReference; lastKnownFileType = sourcecode.swift; path = AppDelegate.swift; sourceTree = "<group>"; };
		33185B331E3CCFAB0069AC42 /* ViewController.swift */ = {isa = PBXFileReference; lastKnownFileType = sourcecode.swift; path = ViewController.swift; sourceTree = "<group>"; };
		33185B361E3CCFAB0069AC42 /* Base */ = {isa = PBXFileReference; lastKnownFileType = file.storyboard; name = Base; path = Base.lproj/Main.storyboard; sourceTree = "<group>"; };
		33185B381E3CCFAB0069AC42 /* Assets.xcassets */ = {isa = PBXFileReference; lastKnownFileType = folder.assetcatalog; path = Assets.xcassets; sourceTree = "<group>"; };
		33185B3B1E3CCFAB0069AC42 /* Base */ = {isa = PBXFileReference; lastKnownFileType = file.storyboard; name = Base; path = Base.lproj/LaunchScreen.storyboard; sourceTree = "<group>"; };
		33185B3D1E3CCFAB0069AC42 /* Info.plist */ = {isa = PBXFileReference; lastKnownFileType = text.plist.xml; path = Info.plist; sourceTree = "<group>"; };
/* End PBXFileReference section */

/* Begin PBXFrameworksBuildPhase section */
		33185B2B1E3CCFAB0069AC42 /* Frameworks */ = {
			isa = PBXFrameworksBuildPhase;
			buildActionMask = 2147483647;
			files = (
			);
			runOnlyForDeploymentPostprocessing = 0;
		};
/* End PBXFrameworksBuildPhase section */

/* Begin PBXGroup section */
		33185B251E3CCFAB0069AC42 = {
			isa = PBXGroup;
			children = (
				33185B301E3CCFAB0069AC42 /* Menu Bar */,
				33185B2F1E3CCFAB0069AC42 /* Products */,
			);
			sourceTree = "<group>";
		};
		33185B2F1E3CCFAB0069AC42 /* Products */ = {
			isa = PBXGroup;
			children = (
				33185B2E1E3CCFAB0069AC42 /* Menu Bar.app */,
			);
			name = Products;
			sourceTree = "<group>";
		};
		33185B301E3CCFAB0069AC42 /* Menu Bar */ = {
			isa = PBXGroup;
			children = (
				33185B311E3CCFAB0069AC42 /* AppDelegate.swift */,
				33185B331E3CCFAB0069AC42 /* ViewController.swift */,
				33185B351E3CCFAB0069AC42 /* Main.storyboard */,
				33185B381E3CCFAB0069AC42 /* Assets.xcassets */,
				33185B3A1E3CCFAB0069AC42 /* LaunchScreen.storyboard */,
				33185B3D1E3CCFAB0069AC42 /* Info.plist */,
			);
			path = "Menu Bar";
			sourceTree = "<group>";
		};
/* End PBXGroup section */

/* Begin PBXNativeTarget section */
		33185B2D1E3CCFAB0069AC42 /* Menu Bar */ = {
			isa = PBXNativeTarget;
			buildConfigurationList = 33185B401E3CCFAB0069AC42 /* Build configuration list for PBXNativeTarget "Menu Bar" */;
			buildPhases = (
				33185B2A1E3CCFAB0069AC42 /* Sources */,
				33185B2B1E3CCFAB0069AC42 /* Frameworks */,
				33185B2C1E3CCFAB0069AC42 /* Resources */,
			);
			buildRules = (
			);
			dependencies = (
			);
			name = "Menu Bar";
			productName = "Menu Bar";
			productReference = 33185B2E1E3CCFAB0069AC42 /* Menu Bar.app */;
			productType = "com.apple.product-type.application";
		};
/* End PBXNativeTarget section */

/* Begin PBXProject section */
		33185B261E3CCFAB0069AC42 /* Project object */ = {
			isa = PBXProject;
			attributes = {
				LastSwiftUpdateCheck = 0820;
				LastUpgradeCheck = 0820;
				ORGANIZATIONNAME = "Big Nerd Ranch";
				TargetAttributes = {
					33185B2D1E3CCFAB0069AC42 = {
						CreatedOnToolsVersion = 8.2.1;
						DevelopmentTeam = Y8ZEK6U73F;
						ProvisioningStyle = Automatic;
					};
				};
			};
			buildConfigurationList = 33185B291E3CCFAB0069AC42 /* Build configuration list for PBXProject "Menu Bar" */;
			compatibilityVersion = "Xcode 3.2";
			developmentRegion = English;
			hasScannedForEncodings = 0;
			knownRegions = (
				en,
				Base,
			);
			mainGroup = 33185B251E3CCFAB0069AC42;
			productRefGroup = 33185B2F1E3CCFAB0069AC42 /* Products */;
			projectDirPath = "";
			projectRoot = "";
			targets = (
				33185B2D1E3CCFAB0069AC42 /* Menu Bar */,
			);
		};
/* End PBXProject section */

/* Begin PBXResourcesBuildPhase section */
		33185B2C1E3CCFAB0069AC42 /* Resources */ = {
			isa = PBXResourcesBuildPhase;
			buildActionMask = 2147483647;
			files = (
				33185B3C1E3CCFAB0069AC42 /* LaunchScreen.storyboard in Resources */,
				33185B391E3CCFAB0069AC42 /* Assets.xcassets in Resources */,
				33185B371E3CCFAB0069AC42 /* Main.storyboard in Resources */,
			);
			runOnlyForDeploymentPostprocessing = 0;
		};
/* End PBXResourcesBuildPhase section */

/* Begin PBXSourcesBuildPhase section */
		33185B2A1E3CCFAB0069AC42 /* Sources */ = {
			isa = PBXSourcesBuildPhase;
			buildActionMask = 2147483647;
			files = (
				33185B341E3CCFAB0069AC42 /* ViewController.swift in Sources */,
				33185B321E3CCFAB0069AC42 /* AppDelegate.swift in Sources */,
			);
			runOnlyForDeploymentPostprocessing = 0;
		};
/* End PBXSourcesBuildPhase section */

/* Begin PBXVariantGroup section */
		33185B351E3CCFAB0069AC42 /* Main.storyboard */ = {
			isa = PBXVariantGroup;
			children = (
				33185B361E3CCFAB0069AC42 /* Base */,
			);
			name = Main.storyboard;
			sourceTree = "<group>";
		};
		33185B3A1E3CCFAB0069AC42 /* LaunchScreen.storyboard */ = {
			isa = PBXVariantGroup;
			children = (
				33185B3B1E3CCFAB0069AC42 /* Base */,
			);
			name = LaunchScreen.storyboard;
			sourceTree = "<group>";
		};
/* End PBXVariantGroup section */

/* Begin XCBuildConfiguration section */
		33185B3E1E3CCFAB0069AC42 /* Debug */ = {
			isa = XCBuildConfiguration;
			buildSettings = {
				ALWAYS_SEARCH_USER_PATHS = NO;
				CLANG_ANALYZER_NONNULL = YES;
				CLANG_CXX_LANGUAGE_STANDARD = "gnu++0x";
				CLANG_CXX_LIBRARY = "libc++";
				CLANG_ENABLE_MODULES = YES;
				CLANG_ENABLE_OBJC_ARC = YES;
				CLANG_WARN_BOOL_CONVERSION = YES;
				CLANG_WARN_CONSTANT_CONVERSION = YES;
				CLANG_WARN_DIRECT_OBJC_ISA_USAGE = YES_ERROR;
				CLANG_WARN_DOCUMENTATION_COMMENTS = YES;
				CLANG_WARN_EMPTY_BODY = YES;
				CLANG_WARN_ENUM_CONVERSION = YES;
				CLANG_WARN_INFINITE_RECURSION = YES;
				CLANG_WARN_INT_CONVERSION = YES;
				CLANG_WARN_OBJC_ROOT_CLASS = YES_ERROR;
				CLANG_WARN_SUSPICIOUS_MOVE = YES;
				CLANG_WARN_UNREACHABLE_CODE = YES;
				CLANG_WARN__DUPLICATE_METHOD_MATCH = YES;
				"CODE_SIGN_IDENTITY[sdk=iphoneos*]" = "iPhone Developer";
				COPY_PHASE_STRIP = NO;
				DEBUG_INFORMATION_FORMAT = dwarf;
				ENABLE_STRICT_OBJC_MSGSEND = YES;
				ENABLE_TESTABILITY = YES;
				GCC_C_LANGUAGE_STANDARD = gnu99;
				GCC_DYNAMIC_NO_PIC = NO;
				GCC_NO_COMMON_BLOCKS = YES;
				GCC_OPTIMIZATION_LEVEL = 0;
				GCC_PREPROCESSOR_DEFINITIONS = (
					"DEBUG=1",
					"$(inherited)",
				);
				GCC_WARN_64_TO_32_BIT_CONVERSION = YES;
				GCC_WARN_ABOUT_RETURN_TYPE = YES_ERROR;
				GCC_WARN_UNDECLARED_SELECTOR = YES;
				GCC_WARN_UNINITIALIZED_AUTOS = YES_AGGRESSIVE;
				GCC_WARN_UNUSED_FUNCTION = YES;
				GCC_WARN_UNUSED_VARIABLE = YES;
				IPHONEOS_DEPLOYMENT_TARGET = 10.2;
				MTL_ENABLE_DEBUG_INFO = YES;
				ONLY_ACTIVE_ARCH = YES;
				SDKROOT = iphoneos;
				SWIFT_ACTIVE_COMPILATION_CONDITIONS = DEBUG;
				SWIFT_OPTIMIZATION_LEVEL = "-Onone";
			};
			name = Debug;
		};
		33185B3F1E3CCFAB0069AC42 /* Release */ = {
			isa = XCBuildConfiguration;
			buildSettings = {
				ALWAYS_SEARCH_USER_PATHS = NO;
				CLANG_ANALYZER_NONNULL = YES;
				CLANG_CXX_LANGUAGE_STANDARD = "gnu++0x";
				CLANG_CXX_LIBRARY = "libc++";
				CLANG_ENABLE_MODULES = YES;
				CLANG_ENABLE_OBJC_ARC = YES;
				CLANG_WARN_BOOL_CONVERSION = YES;
				CLANG_WARN_CONSTANT_CONVERSION = YES;
				CLANG_WARN_DIRECT_OBJC_ISA_USAGE = YES_ERROR;
				CLANG_WARN_DOCUMENTATION_COMMENTS = YES;
				CLANG_WARN_EMPTY_BODY = YES;
				CLANG_WARN_ENUM_CONVERSION = YES;
				CLANG_WARN_INFINITE_RECURSION = YES;
				CLANG_WARN_INT_CONVERSION = YES;
				CLANG_WARN_OBJC_ROOT_CLASS = YES_ERROR;
				CLANG_WARN_SUSPICIOUS_MOVE = YES;
				CLANG_WARN_UNREACHABLE_CODE = YES;
				CLANG_WARN__DUPLICATE_METHOD_MATCH = YES;
				"CODE_SIGN_IDENTITY[sdk=iphoneos*]" = "iPhone Developer";
				COPY_PHASE_STRIP = NO;
				DEBUG_INFORMATION_FORMAT = "dwarf-with-dsym";
				ENABLE_NS_ASSERTIONS = NO;
				ENABLE_STRICT_OBJC_MSGSEND = YES;
				GCC_C_LANGUAGE_STANDARD = gnu99;
				GCC_NO_COMMON_BLOCKS = YES;
				GCC_WARN_64_TO_32_BIT_CONVERSION = YES;
				GCC_WARN_ABOUT_RETURN_TYPE = YES_ERROR;
				GCC_WARN_UNDECLARED_SELECTOR = YES;
				GCC_WARN_UNINITIALIZED_AUTOS = YES_AGGRESSIVE;
				GCC_WARN_UNUSED_FUNCTION = YES;
				GCC_WARN_UNUSED_VARIABLE = YES;
				IPHONEOS_DEPLOYMENT_TARGET = 10.2;
				MTL_ENABLE_DEBUG_INFO = NO;
				SDKROOT = iphoneos;
				SWIFT_OPTIMIZATION_LEVEL = "-Owholemodule";
				VALIDATE_PRODUCT = YES;
			};
			name = Release;
		};
		33185B411E3CCFAB0069AC42 /* Debug */ = {
			isa = XCBuildConfiguration;
			buildSettings = {
				ASSETCATALOG_COMPILER_APPICON_NAME = AppIcon;
				DEVELOPMENT_TEAM = Y8ZEK6U73F;
				INFOPLIST_FILE = "Menu Bar/Info.plist";
				LD_RUNPATH_SEARCH_PATHS = "$(inherited) @executable_path/Frameworks";
				PRODUCT_BUNDLE_IDENTIFIER = "com.bignerdranch.Menu-Bar";
				PRODUCT_NAME = "$(TARGET_NAME)";
				SWIFT_VERSION = 3.0;
			};
			name = Debug;
		};
		33185B421E3CCFAB0069AC42 /* Release */ = {
			isa = XCBuildConfiguration;
			buildSettings = {
				ASSETCATALOG_COMPILER_APPICON_NAME = AppIcon;
				DEVELOPMENT_TEAM = Y8ZEK6U73F;
				INFOPLIST_FILE = "Menu Bar/Info.plist";
				LD_RUNPATH_SEARCH_PATHS = "$(inherited) @executable_path/Frameworks";
				PRODUCT_BUNDLE_IDENTIFIER = "com.bignerdranch.Menu-Bar";
				PRODUCT_NAME = "$(TARGET_NAME)";
				SWIFT_VERSION = 3.0;
			};
			name = Release;
		};
/* End XCBuildConfiguration section */

/* Begin XCConfigurationList section */
		33185B291E3CCFAB0069AC42 /* Build configuration list for PBXProject "Menu Bar" */ = {
			isa = XCConfigurationList;
			buildConfigurations = (
				33185B3E1E3CCFAB0069AC42 /* Debug */,
				33185B3F1E3CCFAB0069AC42 /* Release */,
			);
			defaultConfigurationIsVisible = 0;
			defaultConfigurationName = Release;
		};
		33185B401E3CCFAB0069AC42 /* Build configuration list for PBXNativeTarget "Menu Bar" */ = {
			isa = XCConfigurationList;
			buildConfigurations = (
				33185B411E3CCFAB0069AC42 /* Debug */,
				33185B421E3CCFAB0069AC42 /* Release */,
			);
			defaultConfigurationIsVisible = 0;
		};
/* End XCConfigurationList section */
	};
	rootObject = 33185B261E3CCFAB0069AC42 /* Project object */;
}
